// !$*UTF8*$!
{
	archiveVersion = 1;
	classes = {
	};
	objectVersion = 50;
	objects = {

/* Begin PBXBuildFile section */
		56E4CDED2683FE9A00C2787E /* AppDelegate.swift in Sources */ = {isa = PBXBuildFile; fileRef = 56E4CDEC2683FE9A00C2787E /* AppDelegate.swift */; };
		56E4CDEF2683FE9A00C2787E /* SceneDelegate.swift in Sources */ = {isa = PBXBuildFile; fileRef = 56E4CDEE2683FE9A00C2787E /* SceneDelegate.swift */; };
		56E4CDF12683FE9A00C2787E /* ViewController.swift in Sources */ = {isa = PBXBuildFile; fileRef = 56E4CDF02683FE9A00C2787E /* ViewController.swift */; };
		56E4CDF42683FE9A00C2787E /* Main.storyboard in Resources */ = {isa = PBXBuildFile; fileRef = 56E4CDF22683FE9A00C2787E /* Main.storyboard */; };
		56E4CDF62683FE9F00C2787E /* Assets.xcassets in Resources */ = {isa = PBXBuildFile; fileRef = 56E4CDF52683FE9F00C2787E /* Assets.xcassets */; };
		56E4CDF92683FE9F00C2787E /* LaunchScreen.storyboard in Resources */ = {isa = PBXBuildFile; fileRef = 56E4CDF72683FE9F00C2787E /* LaunchScreen.storyboard */; };
/* End PBXBuildFile section */

/* Begin PBXFileReference section */
		56E4CDE92683FE9A00C2787E /* CountingAdverbs.app */ = {isa = PBXFileReference; explicitFileType = wrapper.application; includeInIndex = 0; path = CountingAdverbs.app; sourceTree = BUILT_PRODUCTS_DIR; };
		56E4CDEC2683FE9A00C2787E /* AppDelegate.swift */ = {isa = PBXFileReference; lastKnownFileType = sourcecode.swift; path = AppDelegate.swift; sourceTree = "<group>"; };
		56E4CDEE2683FE9A00C2787E /* SceneDelegate.swift */ = {isa = PBXFileReference; lastKnownFileType = sourcecode.swift; path = SceneDelegate.swift; sourceTree = "<group>"; };
		56E4CDF02683FE9A00C2787E /* ViewController.swift */ = {isa = PBXFileReference; lastKnownFileType = sourcecode.swift; path = ViewController.swift; sourceTree = "<group>"; };
		56E4CDF32683FE9A00C2787E /* Base */ = {isa = PBXFileReference; lastKnownFileType = file.storyboard; name = Base; path = Base.lproj/Main.storyboard; sourceTree = "<group>"; };
		56E4CDF52683FE9F00C2787E /* Assets.xcassets */ = {isa = PBXFileReference; lastKnownFileType = folder.assetcatalog; path = Assets.xcassets; sourceTree = "<group>"; };
		56E4CDF82683FE9F00C2787E /* Base */ = {isa = PBXFileReference; lastKnownFileType = file.storyboard; name = Base; path = Base.lproj/LaunchScreen.storyboard; sourceTree = "<group>"; };
		56E4CDFA2683FE9F00C2787E /* Info.plist */ = {isa = PBXFileReference; lastKnownFileType = text.plist.xml; path = Info.plist; sourceTree = "<group>"; };
/* End PBXFileReference section */

/* Begin PBXFrameworksBuildPhase section */
		56E4CDE62683FE9A00C2787E /* Frameworks */ = {
			isa = PBXFrameworksBuildPhase;
			buildActionMask = 2147483647;
			files = (
			);
			runOnlyForDeploymentPostprocessing = 0;
		};
/* End PBXFrameworksBuildPhase section */

/* Begin PBXGroup section */
		56E4CDE02683FE9A00C2787E = {
			isa = PBXGroup;
			children = (
				56E4CDEB2683FE9A00C2787E /* CountingAdverbs */,
				56E4CDEA2683FE9A00C2787E /* Products */,
			);
			sourceTree = "<group>";
		};
		56E4CDEA2683FE9A00C2787E /* Products */ = {
			isa = PBXGroup;
			children = (
				56E4CDE92683FE9A00C2787E /* CountingAdverbs.app */,
			);
			name = Products;
			sourceTree = "<group>";
		};
		56E4CDEB2683FE9A00C2787E /* CountingAdverbs */ = {
			isa = PBXGroup;
			children = (
				56E4CDEC2683FE9A00C2787E /* AppDelegate.swift */,
				56E4CDEE2683FE9A00C2787E /* SceneDelegate.swift */,
				56E4CDF02683FE9A00C2787E /* ViewController.swift */,
				56E4CDF22683FE9A00C2787E /* Main.storyboard */,
				56E4CDF52683FE9F00C2787E /* Assets.xcassets */,
				56E4CDF72683FE9F00C2787E /* LaunchScreen.storyboard */,
				56E4CDFA2683FE9F00C2787E /* Info.plist */,
			);
			path = CountingAdverbs;
			sourceTree = "<group>";
		};
/* End PBXGroup section */

/* Begin PBXNativeTarget section */
		56E4CDE82683FE9A00C2787E /* CountingAdverbs */ = {
			isa = PBXNativeTarget;
			buildConfigurationList = 56E4CDFD2683FE9F00C2787E /* Build configuration list for PBXNativeTarget "CountingAdverbs" */;
			buildPhases = (
				56E4CDE52683FE9A00C2787E /* Sources */,
				56E4CDE62683FE9A00C2787E /* Frameworks */,
				56E4CDE72683FE9A00C2787E /* Resources */,
			);
			buildRules = (
			);
			dependencies = (
			);
			name = CountingAdverbs;
			productName = CountingAdverbs;
			productReference = 56E4CDE92683FE9A00C2787E /* CountingAdverbs.app */;
			productType = "com.apple.product-type.application";
		};
/* End PBXNativeTarget section */

/* Begin PBXProject section */
		56E4CDE12683FE9A00C2787E /* Project object */ = {
			isa = PBXProject;
			attributes = {
				LastSwiftUpdateCheck = 1240;
				LastUpgradeCheck = 1240;
				TargetAttributes = {
					56E4CDE82683FE9A00C2787E = {
						CreatedOnToolsVersion = 12.4;
					};
				};
			};
			buildConfigurationList = 56E4CDE42683FE9A00C2787E /* Build configuration list for PBXProject "CountingAdverbs" */;
			compatibilityVersion = "Xcode 9.3";
			developmentRegion = en;
			hasScannedForEncodings = 0;
			knownRegions = (
				en,
				Base,
			);
			mainGroup = 56E4CDE02683FE9A00C2787E;
			productRefGroup = 56E4CDEA2683FE9A00C2787E /* Products */;
			projectDirPath = "";
			projectRoot = "";
			targets = (
				56E4CDE82683FE9A00C2787E /* CountingAdverbs */,
			);
		};
/* End PBXProject section */

/* Begin PBXResourcesBuildPhase section */
		56E4CDE72683FE9A00C2787E /* Resources */ = {
			isa = PBXResourcesBuildPhase;
			buildActionMask = 2147483647;
			files = (
				56E4CDF92683FE9F00C2787E /* LaunchScreen.storyboard in Resources */,
				56E4CDF62683FE9F00C2787E /* Assets.xcassets in Resources */,
				56E4CDF42683FE9A00C2787E /* Main.storyboard in Resources */,
			);
			runOnlyForDeploymentPostprocessing = 0;
		};
/* End PBXResourcesBuildPhase section */

/* Begin PBXSourcesBuildPhase section */
		56E4CDE52683FE9A00C2787E /* Sources */ = {
			isa = PBXSourcesBuildPhase;
			buildActionMask = 2147483647;
			files = (
				56E4CDF12683FE9A00C2787E /* ViewController.swift in Sources */,
				56E4CDED2683FE9A00C2787E /* AppDelegate.swift in Sources */,
				56E4CDEF2683FE9A00C2787E /* SceneDelegate.swift in Sources */,
			);
			runOnlyForDeploymentPostprocessing = 0;
		};
/* End PBXSourcesBuildPhase section */

/* Begin PBXVariantGroup section */
		56E4CDF22683FE9A00C2787E /* Main.storyboard */ = {
			isa = PBXVariantGroup;
			children = (
				56E4CDF32683FE9A00C2787E /* Base */,
			);
			name = Main.storyboard;
			sourceTree = "<group>";
		};
		56E4CDF72683FE9F00C2787E /* LaunchScreen.storyboard */ = {
			isa = PBXVariantGroup;
			children = (
				56E4CDF82683FE9F00C2787E /* Base */,
			);
			name = LaunchScreen.storyboard;
			sourceTree = "<group>";
		};
/* End PBXVariantGroup section */

/* Begin XCBuildConfiguration section */
		56E4CDFB2683FE9F00C2787E /* Debug */ = {
			isa = XCBuildConfiguration;
			buildSettings = {
				ALWAYS_SEARCH_USER_PATHS = NO;
				CLANG_ANALYZER_NONNULL = YES;
				CLANG_ANALYZER_NUMBER_OBJECT_CONVERSION = YES_AGGRESSIVE;
				CLANG_CXX_LANGUAGE_STANDARD = "gnu++14";
				CLANG_CXX_LIBRARY = "libc++";
				CLANG_ENABLE_MODULES = YES;
				CLANG_ENABLE_OBJC_ARC = YES;
				CLANG_ENABLE_OBJC_WEAK = YES;
				CLANG_WARN_BLOCK_CAPTURE_AUTORELEASING = YES;
				CLANG_WARN_BOOL_CONVERSION = YES;
				CLANG_WARN_COMMA = YES;
				CLANG_WARN_CONSTANT_CONVERSION = YES;
				CLANG_WARN_DEPRECATED_OBJC_IMPLEMENTATIONS = YES;
				CLANG_WARN_DIRECT_OBJC_ISA_USAGE = YES_ERROR;
				CLANG_WARN_DOCUMENTATION_COMMENTS = YES;
				CLANG_WARN_EMPTY_BODY = YES;
				CLANG_WARN_ENUM_CONVERSION = YES;
				CLANG_WARN_INFINITE_RECURSION = YES;
				CLANG_WARN_INT_CONVERSION = YES;
				CLANG_WARN_NON_LITERAL_NULL_CONVERSION = YES;
				CLANG_WARN_OBJC_IMPLICIT_RETAIN_SELF = YES;
				CLANG_WARN_OBJC_LITERAL_CONVERSION = YES;
				CLANG_WARN_OBJC_ROOT_CLASS = YES_ERROR;
				CLANG_WARN_QUOTED_INCLUDE_IN_FRAMEWORK_HEADER = YES;
				CLANG_WARN_RANGE_LOOP_ANALYSIS = YES;
				CLANG_WARN_STRICT_PROTOTYPES = YES;
				CLANG_WARN_SUSPICIOUS_MOVE = YES;
				CLANG_WARN_UNGUARDED_AVAILABILITY = YES_AGGRESSIVE;
				CLANG_WARN_UNREACHABLE_CODE = YES;
				CLANG_WARN__DUPLICATE_METHOD_MATCH = YES;
				COPY_PHASE_STRIP = NO;
				DEBUG_INFORMATION_FORMAT = dwarf;
				ENABLE_STRICT_OBJC_MSGSEND = YES;
				ENABLE_TESTABILITY = YES;
				GCC_C_LANGUAGE_STANDARD = gnu11;
				GCC_DYNAMIC_NO_PIC = NO;
				GCC_NO_COMMON_BLOCKS = YES;
				GCC_OPTIMIZATION_LEVEL = 0;
				GCC_PREPROCESSOR_DEFINITIONS = (
					"DEBUG=1",
					"$(inherited)",
				);
				GCC_WARN_64_TO_32_BIT_CONVERSION = YES;
				GCC_WARN_ABOUT_RETURN_TYPE = YES_ERROR;
				GCC_WARN_UNDECLARED_SELECTOR = YES;
				GCC_WARN_UNINITIALIZED_AUTOS = YES_AGGRESSIVE;
				GCC_WARN_UNUSED_FUNCTION = YES;
				GCC_WARN_UNUSED_VARIABLE = YES;
				IPHONEOS_DEPLOYMENT_TARGET = 14.4;
				MTL_ENABLE_DEBUG_INFO = INCLUDE_SOURCE;
				MTL_FAST_MATH = YES;
				ONLY_ACTIVE_ARCH = YES;
				SDKROOT = iphoneos;
				SWIFT_ACTIVE_COMPILATION_CONDITIONS = DEBUG;
				SWIFT_OPTIMIZATION_LEVEL = "-Onone";
			};
			name = Debug;
		};
		56E4CDFC2683FE9F00C2787E /* Release */ = {
			isa = XCBuildConfiguration;
			buildSettings = {
				ALWAYS_SEARCH_USER_PATHS = NO;
				CLANG_ANALYZER_NONNULL = YES;
				CLANG_ANALYZER_NUMBER_OBJECT_CONVERSION = YES_AGGRESSIVE;
				CLANG_CXX_LANGUAGE_STANDARD = "gnu++14";
				CLANG_CXX_LIBRARY = "libc++";
				CLANG_ENABLE_MODULES = YES;
				CLANG_ENABLE_OBJC_ARC = YES;
				CLANG_ENABLE_OBJC_WEAK = YES;
				CLANG_WARN_BLOCK_CAPTURE_AUTORELEASING = YES;
				CLANG_WARN_BOOL_CONVERSION = YES;
				CLANG_WARN_COMMA = YES;
				CLANG_WARN_CONSTANT_CONVERSION = YES;
				CLANG_WARN_DEPRECATED_OBJC_IMPLEMENTATIONS = YES;
				CLANG_WARN_DIRECT_OBJC_ISA_USAGE = YES_ERROR;
				CLANG_WARN_DOCUMENTATION_COMMENTS = YES;
				CLANG_WARN_EMPTY_BODY = YES;
				CLANG_WARN_ENUM_CONVERSION = YES;
				CLANG_WARN_INFINITE_RECURSION = YES;
				CLANG_WARN_INT_CONVERSION = YES;
				CLANG_WARN_NON_LITERAL_NULL_CONVERSION = YES;
				CLANG_WARN_OBJC_IMPLICIT_RETAIN_SELF = YES;
				CLANG_WARN_OBJC_LITERAL_CONVERSION = YES;
				CLANG_WARN_OBJC_ROOT_CLASS = YES_ERROR;
				CLANG_WARN_QUOTED_INCLUDE_IN_FRAMEWORK_HEADER = YES;
				CLANG_WARN_RANGE_LOOP_ANALYSIS = YES;
				CLANG_WARN_STRICT_PROTOTYPES = YES;
				CLANG_WARN_SUSPICIOUS_MOVE = YES;
				CLANG_WARN_UNGUARDED_AVAILABILITY = YES_AGGRESSIVE;
				CLANG_WARN_UNREACHABLE_CODE = YES;
				CLANG_WARN__DUPLICATE_METHOD_MATCH = YES;
				COPY_PHASE_STRIP = NO;
				DEBUG_INFORMATION_FORMAT = "dwarf-with-dsym";
				ENABLE_NS_ASSERTIONS = NO;
				ENABLE_STRICT_OBJC_MSGSEND = YES;
				GCC_C_LANGUAGE_STANDARD = gnu11;
				GCC_NO_COMMON_BLOCKS = YES;
				GCC_WARN_64_TO_32_BIT_CONVERSION = YES;
				GCC_WARN_ABOUT_RETURN_TYPE = YES_ERROR;
				GCC_WARN_UNDECLARED_SELECTOR = YES;
				GCC_WARN_UNINITIALIZED_AUTOS = YES_AGGRESSIVE;
				GCC_WARN_UNUSED_FUNCTION = YES;
				GCC_WARN_UNUSED_VARIABLE = YES;
				IPHONEOS_DEPLOYMENT_TARGET = 14.4;
				MTL_ENABLE_DEBUG_INFO = NO;
				MTL_FAST_MATH = YES;
				SDKROOT = iphoneos;
				SWIFT_COMPILATION_MODE = wholemodule;
				SWIFT_OPTIMIZATION_LEVEL = "-O";
				VALIDATE_PRODUCT = YES;
			};
			name = Release;
		};
		56E4CDFE2683FE9F00C2787E /* Debug */ = {
			isa = XCBuildConfiguration;
			buildSettings = {
				ASSETCATALOG_COMPILER_APPICON_NAME = AppIcon;
				ASSETCATALOG_COMPILER_GLOBAL_ACCENT_COLOR_NAME = AccentColor;
				CODE_SIGN_STYLE = Automatic;
				INFOPLIST_FILE = CountingAdverbs/Info.plist;
				LD_RUNPATH_SEARCH_PATHS = (
					"$(inherited)",
					"@executable_path/Frameworks",
				);
				PRODUCT_BUNDLE_IDENTIFIER = DanielIgnacio.CountingAdverbs;
				PRODUCT_NAME = "$(TARGET_NAME)";
				SWIFT_VERSION = 5.0;
				TARGETED_DEVICE_FAMILY = "1,2";
			};
			name = Debug;
		};
		56E4CDFF2683FE9F00C2787E /* Release */ = {
			isa = XCBuildConfiguration;
			buildSettings = {
				ASSETCATALOG_COMPILER_APPICON_NAME = AppIcon;
				ASSETCATALOG_COMPILER_GLOBAL_ACCENT_COLOR_NAME = AccentColor;
				CODE_SIGN_STYLE = Automatic;
				INFOPLIST_FILE = CountingAdverbs/Info.plist;
				LD_RUNPATH_SEARCH_PATHS = (
					"$(inherited)",
					"@executable_path/Frameworks",
				);
				PRODUCT_BUNDLE_IDENTIFIER = DanielIgnacio.CountingAdverbs;
				PRODUCT_NAME = "$(TARGET_NAME)";
				SWIFT_VERSION = 5.0;
				TARGETED_DEVICE_FAMILY = "1,2";
			};
			name = Release;
		};
/* End XCBuildConfiguration section */

/* Begin XCConfigurationList section */
		56E4CDE42683FE9A00C2787E /* Build configuration list for PBXProject "CountingAdverbs" */ = {
			isa = XCConfigurationList;
			buildConfigurations = (
				56E4CDFB2683FE9F00C2787E /* Debug */,
				56E4CDFC2683FE9F00C2787E /* Release */,
			);
			defaultConfigurationIsVisible = 0;
			defaultConfigurationName = Release;
		};
		56E4CDFD2683FE9F00C2787E /* Build configuration list for PBXNativeTarget "CountingAdverbs" */ = {
			isa = XCConfigurationList;
			buildConfigurations = (
				56E4CDFE2683FE9F00C2787E /* Debug */,
				56E4CDFF2683FE9F00C2787E /* Release */,
			);
			defaultConfigurationIsVisible = 0;
			defaultConfigurationName = Release;
		};
/* End XCConfigurationList section */
	};
	rootObject = 56E4CDE12683FE9A00C2787E /* Project object */;
}
